// !$*UTF8*$!
{
	archiveVersion = 1;
	classes = {
	};
	objectVersion = 56;
	objects = {

/* Begin PBXBuildFile section */
		4B1C91BE2C464D8000CCB03E /* AppDelegate.swift in Sources */ = {isa = PBXBuildFile; fileRef = 4B1C91BD2C464D8000CCB03E /* AppDelegate.swift */; };
		4B1C91C02C464D8000CCB03E /* SceneDelegate.swift in Sources */ = {isa = PBXBuildFile; fileRef = 4B1C91BF2C464D8000CCB03E /* SceneDelegate.swift */; };
		4B1C91C22C464D8000CCB03E /* ViewController.swift in Sources */ = {isa = PBXBuildFile; fileRef = 4B1C91C12C464D8000CCB03E /* ViewController.swift */; };
		4B1C91C52C464D8000CCB03E /* Main.storyboard in Resources */ = {isa = PBXBuildFile; fileRef = 4B1C91C32C464D8000CCB03E /* Main.storyboard */; };
		4B1C91C72C464D8100CCB03E /* Assets.xcassets in Resources */ = {isa = PBXBuildFile; fileRef = 4B1C91C62C464D8100CCB03E /* Assets.xcassets */; };
		4B1C91CA2C464D8100CCB03E /* LaunchScreen.storyboard in Resources */ = {isa = PBXBuildFile; fileRef = 4B1C91C82C464D8100CCB03E /* LaunchScreen.storyboard */; };
		4BD4CC152C4B6932006959D6 /* Model.swift in Sources */ = {isa = PBXBuildFile; fileRef = 4BD4CC142C4B6932006959D6 /* Model.swift */; };
		4BD4CC182C4B6A1F006959D6 /* ImageCollectionViewCell.swift in Sources */ = {isa = PBXBuildFile; fileRef = 4BD4CC172C4B6A1F006959D6 /* ImageCollectionViewCell.swift */; };
		4BD4CC1A2C4B6A59006959D6 /* ImageListViewController.swift in Sources */ = {isa = PBXBuildFile; fileRef = 4BD4CC192C4B6A59006959D6 /* ImageListViewController.swift */; };
/* End PBXBuildFile section */

/* Begin PBXFileReference section */
		4B1C91BA2C464D8000CCB03E /* HelloGCD.app */ = {isa = PBXFileReference; explicitFileType = wrapper.application; includeInIndex = 0; path = HelloGCD.app; sourceTree = BUILT_PRODUCTS_DIR; };
		4B1C91BD2C464D8000CCB03E /* AppDelegate.swift */ = {isa = PBXFileReference; lastKnownFileType = sourcecode.swift; path = AppDelegate.swift; sourceTree = "<group>"; };
		4B1C91BF2C464D8000CCB03E /* SceneDelegate.swift */ = {isa = PBXFileReference; lastKnownFileType = sourcecode.swift; path = SceneDelegate.swift; sourceTree = "<group>"; };
		4B1C91C12C464D8000CCB03E /* ViewController.swift */ = {isa = PBXFileReference; lastKnownFileType = sourcecode.swift; path = ViewController.swift; sourceTree = "<group>"; };
		4B1C91C42C464D8000CCB03E /* Base */ = {isa = PBXFileReference; lastKnownFileType = file.storyboard; name = Base; path = Base.lproj/Main.storyboard; sourceTree = "<group>"; };
		4B1C91C62C464D8100CCB03E /* Assets.xcassets */ = {isa = PBXFileReference; lastKnownFileType = folder.assetcatalog; path = Assets.xcassets; sourceTree = "<group>"; };
		4B1C91C92C464D8100CCB03E /* Base */ = {isa = PBXFileReference; lastKnownFileType = file.storyboard; name = Base; path = Base.lproj/LaunchScreen.storyboard; sourceTree = "<group>"; };
		4B1C91CB2C464D8100CCB03E /* Info.plist */ = {isa = PBXFileReference; lastKnownFileType = text.plist.xml; path = Info.plist; sourceTree = "<group>"; };
		4BD4CC142C4B6932006959D6 /* Model.swift */ = {isa = PBXFileReference; lastKnownFileType = sourcecode.swift; path = Model.swift; sourceTree = "<group>"; };
		4BD4CC172C4B6A1F006959D6 /* ImageCollectionViewCell.swift */ = {isa = PBXFileReference; lastKnownFileType = sourcecode.swift; path = ImageCollectionViewCell.swift; sourceTree = "<group>"; };
		4BD4CC192C4B6A59006959D6 /* ImageListViewController.swift */ = {isa = PBXFileReference; lastKnownFileType = sourcecode.swift; path = ImageListViewController.swift; sourceTree = "<group>"; };
/* End PBXFileReference section */

/* Begin PBXFrameworksBuildPhase section */
		4B1C91B72C464D8000CCB03E /* Frameworks */ = {
			isa = PBXFrameworksBuildPhase;
			buildActionMask = 2147483647;
			files = (
			);
			runOnlyForDeploymentPostprocessing = 0;
		};
/* End PBXFrameworksBuildPhase section */

/* Begin PBXGroup section */
		4B1C91B12C464D8000CCB03E = {
			isa = PBXGroup;
			children = (
				4B1C91BC2C464D8000CCB03E /* HelloGCD */,
				4B1C91BB2C464D8000CCB03E /* Products */,
			);
			sourceTree = "<group>";
		};
		4B1C91BB2C464D8000CCB03E /* Products */ = {
			isa = PBXGroup;
			children = (
				4B1C91BA2C464D8000CCB03E /* HelloGCD.app */,
			);
			name = Products;
			sourceTree = "<group>";
		};
		4B1C91BC2C464D8000CCB03E /* HelloGCD */ = {
			isa = PBXGroup;
			children = (
				4BD4CC162C4B6A0C006959D6 /* Cell */,
				4BD4CC132C4B6926006959D6 /* Model */,
				4B1C91BD2C464D8000CCB03E /* AppDelegate.swift */,
				4B1C91BF2C464D8000CCB03E /* SceneDelegate.swift */,
				4B1C91C12C464D8000CCB03E /* ViewController.swift */,
				4BD4CC192C4B6A59006959D6 /* ImageListViewController.swift */,
				4B1C91C32C464D8000CCB03E /* Main.storyboard */,
				4B1C91C62C464D8100CCB03E /* Assets.xcassets */,
				4B1C91C82C464D8100CCB03E /* LaunchScreen.storyboard */,
				4B1C91CB2C464D8100CCB03E /* Info.plist */,
			);
			path = HelloGCD;
			sourceTree = "<group>";
		};
		4BD4CC132C4B6926006959D6 /* Model */ = {
			isa = PBXGroup;
			children = (
				4BD4CC142C4B6932006959D6 /* Model.swift */,
			);
			path = Model;
			sourceTree = "<group>";
		};
		4BD4CC162C4B6A0C006959D6 /* Cell */ = {
			isa = PBXGroup;
			children = (
				4BD4CC172C4B6A1F006959D6 /* ImageCollectionViewCell.swift */,
			);
			path = Cell;
			sourceTree = "<group>";
		};
/* End PBXGroup section */

/* Begin PBXNativeTarget section */
		4B1C91B92C464D8000CCB03E /* HelloGCD */ = {
			isa = PBXNativeTarget;
			buildConfigurationList = 4B1C91CE2C464D8100CCB03E /* Build configuration list for PBXNativeTarget "HelloGCD" */;
			buildPhases = (
				4B1C91B62C464D8000CCB03E /* Sources */,
				4B1C91B72C464D8000CCB03E /* Frameworks */,
				4B1C91B82C464D8000CCB03E /* Resources */,
			);
			buildRules = (
			);
			dependencies = (
			);
			name = HelloGCD;
			productName = HelloGCD;
			productReference = 4B1C91BA2C464D8000CCB03E /* HelloGCD.app */;
			productType = "com.apple.product-type.application";
		};
/* End PBXNativeTarget section */

/* Begin PBXProject section */
		4B1C91B22C464D8000CCB03E /* Project object */ = {
			isa = PBXProject;
			attributes = {
				BuildIndependentTargetsInParallel = 1;
				LastSwiftUpdateCheck = 1520;
				LastUpgradeCheck = 1520;
				TargetAttributes = {
					4B1C91B92C464D8000CCB03E = {
						CreatedOnToolsVersion = 15.2;
					};
				};
			};
			buildConfigurationList = 4B1C91B52C464D8000CCB03E /* Build configuration list for PBXProject "HelloGCD" */;
			compatibilityVersion = "Xcode 14.0";
			developmentRegion = en;
			hasScannedForEncodings = 0;
			knownRegions = (
				en,
				Base,
			);
			mainGroup = 4B1C91B12C464D8000CCB03E;
			productRefGroup = 4B1C91BB2C464D8000CCB03E /* Products */;
			projectDirPath = "";
			projectRoot = "";
			targets = (
				4B1C91B92C464D8000CCB03E /* HelloGCD */,
			);
		};
/* End PBXProject section */

/* Begin PBXResourcesBuildPhase section */
		4B1C91B82C464D8000CCB03E /* Resources */ = {
			isa = PBXResourcesBuildPhase;
			buildActionMask = 2147483647;
			files = (
				4B1C91CA2C464D8100CCB03E /* LaunchScreen.storyboard in Resources */,
				4B1C91C72C464D8100CCB03E /* Assets.xcassets in Resources */,
				4B1C91C52C464D8000CCB03E /* Main.storyboard in Resources */,
			);
			runOnlyForDeploymentPostprocessing = 0;
		};
/* End PBXResourcesBuildPhase section */

/* Begin PBXSourcesBuildPhase section */
		4B1C91B62C464D8000CCB03E /* Sources */ = {
			isa = PBXSourcesBuildPhase;
			buildActionMask = 2147483647;
			files = (
				4BD4CC1A2C4B6A59006959D6 /* ImageListViewController.swift in Sources */,
				4B1C91C22C464D8000CCB03E /* ViewController.swift in Sources */,
				4BD4CC182C4B6A1F006959D6 /* ImageCollectionViewCell.swift in Sources */,
				4B1C91BE2C464D8000CCB03E /* AppDelegate.swift in Sources */,
				4B1C91C02C464D8000CCB03E /* SceneDelegate.swift in Sources */,
				4BD4CC152C4B6932006959D6 /* Model.swift in Sources */,
			);
			runOnlyForDeploymentPostprocessing = 0;
		};
/* End PBXSourcesBuildPhase section */

/* Begin PBXVariantGroup section */
		4B1C91C32C464D8000CCB03E /* Main.storyboard */ = {
			isa = PBXVariantGroup;
			children = (
				4B1C91C42C464D8000CCB03E /* Base */,
			);
			name = Main.storyboard;
			sourceTree = "<group>";
		};
		4B1C91C82C464D8100CCB03E /* LaunchScreen.storyboard */ = {
			isa = PBXVariantGroup;
			children = (
				4B1C91C92C464D8100CCB03E /* Base */,
			);
			name = LaunchScreen.storyboard;
			sourceTree = "<group>";
		};
/* End PBXVariantGroup section */

/* Begin XCBuildConfiguration section */
		4B1C91CC2C464D8100CCB03E /* Debug */ = {
			isa = XCBuildConfiguration;
			buildSettings = {
				ALWAYS_SEARCH_USER_PATHS = NO;
				ASSETCATALOG_COMPILER_GENERATE_SWIFT_ASSET_SYMBOL_EXTENSIONS = YES;
				CLANG_ANALYZER_NONNULL = YES;
				CLANG_ANALYZER_NUMBER_OBJECT_CONVERSION = YES_AGGRESSIVE;
				CLANG_CXX_LANGUAGE_STANDARD = "gnu++20";
				CLANG_ENABLE_MODULES = YES;
				CLANG_ENABLE_OBJC_ARC = YES;
				CLANG_ENABLE_OBJC_WEAK = YES;
				CLANG_WARN_BLOCK_CAPTURE_AUTORELEASING = YES;
				CLANG_WARN_BOOL_CONVERSION = YES;
				CLANG_WARN_COMMA = YES;
				CLANG_WARN_CONSTANT_CONVERSION = YES;
				CLANG_WARN_DEPRECATED_OBJC_IMPLEMENTATIONS = YES;
				CLANG_WARN_DIRECT_OBJC_ISA_USAGE = YES_ERROR;
				CLANG_WARN_DOCUMENTATION_COMMENTS = YES;
				CLANG_WARN_EMPTY_BODY = YES;
				CLANG_WARN_ENUM_CONVERSION = YES;
				CLANG_WARN_INFINITE_RECURSION = YES;
				CLANG_WARN_INT_CONVERSION = YES;
				CLANG_WARN_NON_LITERAL_NULL_CONVERSION = YES;
				CLANG_WARN_OBJC_IMPLICIT_RETAIN_SELF = YES;
				CLANG_WARN_OBJC_LITERAL_CONVERSION = YES;
				CLANG_WARN_OBJC_ROOT_CLASS = YES_ERROR;
				CLANG_WARN_QUOTED_INCLUDE_IN_FRAMEWORK_HEADER = YES;
				CLANG_WARN_RANGE_LOOP_ANALYSIS = YES;
				CLANG_WARN_STRICT_PROTOTYPES = YES;
				CLANG_WARN_SUSPICIOUS_MOVE = YES;
				CLANG_WARN_UNGUARDED_AVAILABILITY = YES_AGGRESSIVE;
				CLANG_WARN_UNREACHABLE_CODE = YES;
				CLANG_WARN__DUPLICATE_METHOD_MATCH = YES;
				COPY_PHASE_STRIP = NO;
				DEBUG_INFORMATION_FORMAT = dwarf;
				ENABLE_STRICT_OBJC_MSGSEND = YES;
				ENABLE_TESTABILITY = YES;
				ENABLE_USER_SCRIPT_SANDBOXING = YES;
				GCC_C_LANGUAGE_STANDARD = gnu17;
				GCC_DYNAMIC_NO_PIC = NO;
				GCC_NO_COMMON_BLOCKS = YES;
				GCC_OPTIMIZATION_LEVEL = 0;
				GCC_PREPROCESSOR_DEFINITIONS = (
					"DEBUG=1",
					"$(inherited)",
				);
				GCC_WARN_64_TO_32_BIT_CONVERSION = YES;
				GCC_WARN_ABOUT_RETURN_TYPE = YES_ERROR;
				GCC_WARN_UNDECLARED_SELECTOR = YES;
				GCC_WARN_UNINITIALIZED_AUTOS = YES_AGGRESSIVE;
				GCC_WARN_UNUSED_FUNCTION = YES;
				GCC_WARN_UNUSED_VARIABLE = YES;
				IPHONEOS_DEPLOYMENT_TARGET = 17.2;
				LOCALIZATION_PREFERS_STRING_CATALOGS = YES;
				MTL_ENABLE_DEBUG_INFO = INCLUDE_SOURCE;
				MTL_FAST_MATH = YES;
				ONLY_ACTIVE_ARCH = YES;
				SDKROOT = iphoneos;
				SWIFT_ACTIVE_COMPILATION_CONDITIONS = "DEBUG $(inherited)";
				SWIFT_OPTIMIZATION_LEVEL = "-Onone";
			};
			name = Debug;
		};
		4B1C91CD2C464D8100CCB03E /* Release */ = {
			isa = XCBuildConfiguration;
			buildSettings = {
				ALWAYS_SEARCH_USER_PATHS = NO;
				ASSETCATALOG_COMPILER_GENERATE_SWIFT_ASSET_SYMBOL_EXTENSIONS = YES;
				CLANG_ANALYZER_NONNULL = YES;
				CLANG_ANALYZER_NUMBER_OBJECT_CONVERSION = YES_AGGRESSIVE;
				CLANG_CXX_LANGUAGE_STANDARD = "gnu++20";
				CLANG_ENABLE_MODULES = YES;
				CLANG_ENABLE_OBJC_ARC = YES;
				CLANG_ENABLE_OBJC_WEAK = YES;
				CLANG_WARN_BLOCK_CAPTURE_AUTORELEASING = YES;
				CLANG_WARN_BOOL_CONVERSION = YES;
				CLANG_WARN_COMMA = YES;
				CLANG_WARN_CONSTANT_CONVERSION = YES;
				CLANG_WARN_DEPRECATED_OBJC_IMPLEMENTATIONS = YES;
				CLANG_WARN_DIRECT_OBJC_ISA_USAGE = YES_ERROR;
				CLANG_WARN_DOCUMENTATION_COMMENTS = YES;
				CLANG_WARN_EMPTY_BODY = YES;
				CLANG_WARN_ENUM_CONVERSION = YES;
				CLANG_WARN_INFINITE_RECURSION = YES;
				CLANG_WARN_INT_CONVERSION = YES;
				CLANG_WARN_NON_LITERAL_NULL_CONVERSION = YES;
				CLANG_WARN_OBJC_IMPLICIT_RETAIN_SELF = YES;
				CLANG_WARN_OBJC_LITERAL_CONVERSION = YES;
				CLANG_WARN_OBJC_ROOT_CLASS = YES_ERROR;
				CLANG_WARN_QUOTED_INCLUDE_IN_FRAMEWORK_HEADER = YES;
				CLANG_WARN_RANGE_LOOP_ANALYSIS = YES;
				CLANG_WARN_STRICT_PROTOTYPES = YES;
				CLANG_WARN_SUSPICIOUS_MOVE = YES;
				CLANG_WARN_UNGUARDED_AVAILABILITY = YES_AGGRESSIVE;
				CLANG_WARN_UNREACHABLE_CODE = YES;
				CLANG_WARN__DUPLICATE_METHOD_MATCH = YES;
				COPY_PHASE_STRIP = NO;
				DEBUG_INFORMATION_FORMAT = "dwarf-with-dsym";
				ENABLE_NS_ASSERTIONS = NO;
				ENABLE_STRICT_OBJC_MSGSEND = YES;
				ENABLE_USER_SCRIPT_SANDBOXING = YES;
				GCC_C_LANGUAGE_STANDARD = gnu17;
				GCC_NO_COMMON_BLOCKS = YES;
				GCC_WARN_64_TO_32_BIT_CONVERSION = YES;
				GCC_WARN_ABOUT_RETURN_TYPE = YES_ERROR;
				GCC_WARN_UNDECLARED_SELECTOR = YES;
				GCC_WARN_UNINITIALIZED_AUTOS = YES_AGGRESSIVE;
				GCC_WARN_UNUSED_FUNCTION = YES;
				GCC_WARN_UNUSED_VARIABLE = YES;
				IPHONEOS_DEPLOYMENT_TARGET = 17.2;
				LOCALIZATION_PREFERS_STRING_CATALOGS = YES;
				MTL_ENABLE_DEBUG_INFO = NO;
				MTL_FAST_MATH = YES;
				SDKROOT = iphoneos;
				SWIFT_COMPILATION_MODE = wholemodule;
				VALIDATE_PRODUCT = YES;
			};
			name = Release;
		};
		4B1C91CF2C464D8100CCB03E /* Debug */ = {
			isa = XCBuildConfiguration;
			buildSettings = {
				ASSETCATALOG_COMPILER_APPICON_NAME = AppIcon;
				ASSETCATALOG_COMPILER_GLOBAL_ACCENT_COLOR_NAME = AccentColor;
				CODE_SIGN_STYLE = Automatic;
				CURRENT_PROJECT_VERSION = 1;
				DEVELOPMENT_TEAM = 2KZXB85M2Q;
				GENERATE_INFOPLIST_FILE = YES;
				INFOPLIST_FILE = HelloGCD/Info.plist;
				INFOPLIST_KEY_UIApplicationSupportsIndirectInputEvents = YES;
				INFOPLIST_KEY_UILaunchStoryboardName = LaunchScreen;
				INFOPLIST_KEY_UIMainStoryboardFile = Main;
				INFOPLIST_KEY_UISupportedInterfaceOrientations_iPad = "UIInterfaceOrientationPortrait UIInterfaceOrientationPortraitUpsideDown UIInterfaceOrientationLandscapeLeft UIInterfaceOrientationLandscapeRight";
				INFOPLIST_KEY_UISupportedInterfaceOrientations_iPhone = "UIInterfaceOrientationPortrait UIInterfaceOrientationLandscapeLeft UIInterfaceOrientationLandscapeRight";
				LD_RUNPATH_SEARCH_PATHS = (
					"$(inherited)",
					"@executable_path/Frameworks",
				);
				MARKETING_VERSION = 1.0;
				PRODUCT_BUNDLE_IDENTIFIER = com.RudinP.HelloGCD;
				PRODUCT_NAME = "$(TARGET_NAME)";
				SWIFT_EMIT_LOC_STRINGS = YES;
				SWIFT_VERSION = 5.0;
				TARGETED_DEVICE_FAMILY = "1,2";
			};
			name = Debug;
		};
		4B1C91D02C464D8100CCB03E /* Release */ = {
			isa = XCBuildConfiguration;
			buildSettings = {
				ASSETCATALOG_COMPILER_APPICON_NAME = AppIcon;
				ASSETCATALOG_COMPILER_GLOBAL_ACCENT_COLOR_NAME = AccentColor;
				CODE_SIGN_STYLE = Automatic;
				CURRENT_PROJECT_VERSION = 1;
				DEVELOPMENT_TEAM = 2KZXB85M2Q;
				GENERATE_INFOPLIST_FILE = YES;
				INFOPLIST_FILE = HelloGCD/Info.plist;
				INFOPLIST_KEY_UIApplicationSupportsIndirectInputEvents = YES;
				INFOPLIST_KEY_UILaunchStoryboardName = LaunchScreen;
				INFOPLIST_KEY_UIMainStoryboardFile = Main;
				INFOPLIST_KEY_UISupportedInterfaceOrientations_iPad = "UIInterfaceOrientationPortrait UIInterfaceOrientationPortraitUpsideDown UIInterfaceOrientationLandscapeLeft UIInterfaceOrientationLandscapeRight";
				INFOPLIST_KEY_UISupportedInterfaceOrientations_iPhone = "UIInterfaceOrientationPortrait UIInterfaceOrientationLandscapeLeft UIInterfaceOrientationLandscapeRight";
				LD_RUNPATH_SEARCH_PATHS = (
					"$(inherited)",
					"@executable_path/Frameworks",
				);
				MARKETING_VERSION = 1.0;
				PRODUCT_BUNDLE_IDENTIFIER = com.RudinP.HelloGCD;
				PRODUCT_NAME = "$(TARGET_NAME)";
				SWIFT_EMIT_LOC_STRINGS = YES;
				SWIFT_VERSION = 5.0;
				TARGETED_DEVICE_FAMILY = "1,2";
			};
			name = Release;
		};
/* End XCBuildConfiguration section */

/* Begin XCConfigurationList section */
		4B1C91B52C464D8000CCB03E /* Build configuration list for PBXProject "HelloGCD" */ = {
			isa = XCConfigurationList;
			buildConfigurations = (
				4B1C91CC2C464D8100CCB03E /* Debug */,
				4B1C91CD2C464D8100CCB03E /* Release */,
			);
			defaultConfigurationIsVisible = 0;
			defaultConfigurationName = Release;
		};
		4B1C91CE2C464D8100CCB03E /* Build configuration list for PBXNativeTarget "HelloGCD" */ = {
			isa = XCConfigurationList;
			buildConfigurations = (
				4B1C91CF2C464D8100CCB03E /* Debug */,
				4B1C91D02C464D8100CCB03E /* Release */,
			);
			defaultConfigurationIsVisible = 0;
			defaultConfigurationName = Release;
		};
/* End XCConfigurationList section */
	};
	rootObject = 4B1C91B22C464D8000CCB03E /* Project object */;
}
